
Microsoft Visual Studio Solution File, Format Version 12.00
# Visual Studio Version 17
VisualStudioVersion = 17.7.34024.191
MinimumVisualStudioVersion = 10.0.40219.1
Project("{FAE04EC0-301F-11D3-BF4B-00C04F79EFBC}") = "NumbersGame", "NumbersGame\NumbersGame.csproj", "{91A89113-DD70-4C5E-A51F-402C1631A12A}"
EndProject
Global
	GlobalSection(SolutionConfigurationPlatforms) = preSolution
		Debug|Any CPU = Debug|Any CPU
		Release|Any CPU = Release|Any CPU
	EndGlobalSection
	GlobalSection(ProjectConfigurationPlatforms) = postSolution
		{91A89113-DD70-4C5E-A51F-402C1631A12A}.Debug|Any CPU.ActiveCfg = Debug|Any CPU
		{91A89113-DD70-4C5E-A51F-402C1631A12A}.Debug|Any CPU.Build.0 = Debug|Any CPU
		{91A89113-DD70-4C5E-A51F-402C1631A12A}.Release|Any CPU.ActiveCfg = Release|Any CPU
		{91A89113-DD70-4C5E-A51F-402C1631A12A}.Release|Any CPU.Build.0 = Release|Any CPU
	EndGlobalSection
	GlobalSection(SolutionProperties) = preSolution
		HideSolutionNode = FALSE
	EndGlobalSection
	GlobalSection(ExtensibilityGlobals) = postSolution
		SolutionGuid = {B202317A-5BAF-4410-99D5-5E8CD74054D4}
	EndGlobalSection
EndGlobal
